dependencies:
- name: postgres-chart
  repository: file://../postgres-chart
  version: 0.1.0
- name: redis-chart
  repository: file://../redis-chart
  version: 0.1.0
- name: minio-chart
  repository: file://../minio-chart
  version: 0.1.0
- name: auth-chart
  repository: file://../auth-chart
  version: 0.1.0
- name: course-chart
  repository: file://../course-chart
  version: 0.1.0
- name: content-chart
  repository: file://../content-chart
  version: 0.1.1
- name: quiz-chart
  repository: file://../quiz-chart
  version: 0.1.0
- name: gateway-chart
  repository: file://../gateway-chart
  version: 0.1.0
- name: frontend-chart
  repository: file://../frontend-chart
  version: 0.1.0
digest: sha256:7d9b705dc59e213a228abf0b0818f2b4a752a9e6f4b8ebfa3a9f6e73b8225f00
generated: "2026-07-06T13:01:09.1588938+03:00"
