dependencies:
- name: auth-chart
  repository: file://../auth-chart
  version: 0.1.0
- name: course-chart
  repository: file://../course-chart
  version: 0.1.0
- name: content-chart
  repository: file://../content-chart
  version: 0.1.0
- name: quiz-chart
  repository: file://../quiz-chart
  version: 0.1.0
digest: sha256:656adc42f25d034cfee3b859b0823b7f5d309dbeef03886510a60f5978a83a06
generated: "2026-07-06T11:30:45.8579022+03:00"
